
Microsoft Visual Studio Solution File, Format Version 12.00
# Visual Studio Version 17
VisualStudioVersion = 17.0.31903.59
MinimumVisualStudioVersion = 10.0.40219.1
Project("{FAE04EC0-301F-11D3-BF4B-00C04F79EFBC}") = "UploadModelMappings", "UploadModelMappings\UploadModelMappings.csproj", "{83C026DB-B79A-44F1-A003-C8E5FBDA6550}"
EndProject
Project("{FAE04EC0-301F-11D3-BF4B-00C04F79EFBC}") = "UploadFpInfo", "UploadFpInfo\UploadFpInfo.csproj", "{BFF53639-C679-4DDF-A086-511ACEB2DDBB}"
EndProject
Project("{FAE04EC0-301F-11D3-BF4B-00C04F79EFBC}") = "FileUploadCommon", "FileUploadCommon\FileUploadCommon.csproj", "{161239F9-C7BA-4F74-86C1-C4669C4AF23C}"
EndProject
Project("{FAE04EC0-301F-11D3-BF4B-00C04F79EFBC}") = "PrintLabel", "PrintLabel\PrintLabel.csproj", "{B2FDAE84-DCEF-43C9-A482-D156D097698D}"
EndProject
Project("{FAE04EC0-301F-11D3-BF4B-00C04F79EFBC}") = "SampleManagement", "SampleManagement\SampleManagement.csproj", "{FDC67EF8-5426-477B-B8BB-5E958CC101F8}"
EndProject
Global
	GlobalSection(SolutionConfigurationPlatforms) = preSolution
		Debug|Any CPU = Debug|Any CPU
		Debug|x64 = Debug|x64
		Debug|x86 = Debug|x86
		Release|Any CPU = Release|Any CPU
		Release|x64 = Release|x64
		Release|x86 = Release|x86
	EndGlobalSection
	GlobalSection(ProjectConfigurationPlatforms) = postSolution
		{83C026DB-B79A-44F1-A003-C8E5FBDA6550}.Debug|Any CPU.ActiveCfg = Debug|Any CPU
		{83C026DB-B79A-44F1-A003-C8E5FBDA6550}.Debug|Any CPU.Build.0 = Debug|Any CPU
		{83C026DB-B79A-44F1-A003-C8E5FBDA6550}.Debug|x64.ActiveCfg = Debug|Any CPU
		{83C026DB-B79A-44F1-A003-C8E5FBDA6550}.Debug|x64.Build.0 = Debug|Any CPU
		{83C026DB-B79A-44F1-A003-C8E5FBDA6550}.Debug|x86.ActiveCfg = Debug|Any CPU
		{83C026DB-B79A-44F1-A003-C8E5FBDA6550}.Debug|x86.Build.0 = Debug|Any CPU
		{83C026DB-B79A-44F1-A003-C8E5FBDA6550}.Release|Any CPU.ActiveCfg = Release|Any CPU
		{83C026DB-B79A-44F1-A003-C8E5FBDA6550}.Release|Any CPU.Build.0 = Release|Any CPU
		{83C026DB-B79A-44F1-A003-C8E5FBDA6550}.Release|x64.ActiveCfg = Release|Any CPU
		{83C026DB-B79A-44F1-A003-C8E5FBDA6550}.Release|x64.Build.0 = Release|Any CPU
		{83C026DB-B79A-44F1-A003-C8E5FBDA6550}.Release|x86.ActiveCfg = Release|Any CPU
		{83C026DB-B79A-44F1-A003-C8E5FBDA6550}.Release|x86.Build.0 = Release|Any CPU
		{BFF53639-C679-4DDF-A086-511ACEB2DDBB}.Debug|Any CPU.ActiveCfg = Debug|Any CPU
		{BFF53639-C679-4DDF-A086-511ACEB2DDBB}.Debug|Any CPU.Build.0 = Debug|Any CPU
		{BFF53639-C679-4DDF-A086-511ACEB2DDBB}.Debug|x64.ActiveCfg = Debug|Any CPU
		{BFF53639-C679-4DDF-A086-511ACEB2DDBB}.Debug|x64.Build.0 = Debug|Any CPU
		{BFF53639-C679-4DDF-A086-511ACEB2DDBB}.Debug|x86.ActiveCfg = Debug|Any CPU
		{BFF53639-C679-4DDF-A086-511ACEB2DDBB}.Debug|x86.Build.0 = Debug|Any CPU
		{BFF53639-C679-4DDF-A086-511ACEB2DDBB}.Release|Any CPU.ActiveCfg = Release|Any CPU
		{BFF53639-C679-4DDF-A086-511ACEB2DDBB}.Release|Any CPU.Build.0 = Release|Any CPU
		{BFF53639-C679-4DDF-A086-511ACEB2DDBB}.Release|x64.ActiveCfg = Release|Any CPU
		{BFF53639-C679-4DDF-A086-511ACEB2DDBB}.Release|x64.Build.0 = Release|Any CPU
		{BFF53639-C679-4DDF-A086-511ACEB2DDBB}.Release|x86.ActiveCfg = Release|Any CPU
		{BFF53639-C679-4DDF-A086-511ACEB2DDBB}.Release|x86.Build.0 = Release|Any CPU
		{161239F9-C7BA-4F74-86C1-C4669C4AF23C}.Debug|Any CPU.ActiveCfg = Debug|Any CPU
		{161239F9-C7BA-4F74-86C1-C4669C4AF23C}.Debug|Any CPU.Build.0 = Debug|Any CPU
		{161239F9-C7BA-4F74-86C1-C4669C4AF23C}.Debug|x64.ActiveCfg = Debug|Any CPU
		{161239F9-C7BA-4F74-86C1-C4669C4AF23C}.Debug|x64.Build.0 = Debug|Any CPU
		{161239F9-C7BA-4F74-86C1-C4669C4AF23C}.Debug|x86.ActiveCfg = Debug|Any CPU
		{161239F9-C7BA-4F74-86C1-C4669C4AF23C}.Debug|x86.Build.0 = Debug|Any CPU
		{161239F9-C7BA-4F74-86C1-C4669C4AF23C}.Release|Any CPU.ActiveCfg = Release|Any CPU
		{161239F9-C7BA-4F74-86C1-C4669C4AF23C}.Release|Any CPU.Build.0 = Release|Any CPU
		{161239F9-C7BA-4F74-86C1-C4669C4AF23C}.Release|x64.ActiveCfg = Release|Any CPU
		{161239F9-C7BA-4F74-86C1-C4669C4AF23C}.Release|x64.Build.0 = Release|Any CPU
		{161239F9-C7BA-4F74-86C1-C4669C4AF23C}.Release|x86.ActiveCfg = Release|Any CPU
		{161239F9-C7BA-4F74-86C1-C4669C4AF23C}.Release|x86.Build.0 = Release|Any CPU
		{B2FDAE84-DCEF-43C9-A482-D156D097698D}.Debug|Any CPU.ActiveCfg = Debug|Any CPU
		{B2FDAE84-DCEF-43C9-A482-D156D097698D}.Debug|Any CPU.Build.0 = Debug|Any CPU
		{B2FDAE84-DCEF-43C9-A482-D156D097698D}.Debug|x64.ActiveCfg = Debug|Any CPU
		{B2FDAE84-DCEF-43C9-A482-D156D097698D}.Debug|x64.Build.0 = Debug|Any CPU
		{B2FDAE84-DCEF-43C9-A482-D156D097698D}.Debug|x86.ActiveCfg = Debug|Any CPU
		{B2FDAE84-DCEF-43C9-A482-D156D097698D}.Debug|x86.Build.0 = Debug|Any CPU
		{B2FDAE84-DCEF-43C9-A482-D156D097698D}.Release|Any CPU.ActiveCfg = Release|Any CPU
		{B2FDAE84-DCEF-43C9-A482-D156D097698D}.Release|Any CPU.Build.0 = Release|Any CPU
		{B2FDAE84-DCEF-43C9-A482-D156D097698D}.Release|x64.ActiveCfg = Release|Any CPU
		{B2FDAE84-DCEF-43C9-A482-D156D097698D}.Release|x64.Build.0 = Release|Any CPU
		{B2FDAE84-DCEF-43C9-A482-D156D097698D}.Release|x86.ActiveCfg = Release|Any CPU
		{B2FDAE84-DCEF-43C9-A482-D156D097698D}.Release|x86.Build.0 = Release|Any CPU
		{FDC67EF8-5426-477B-B8BB-5E958CC101F8}.Debug|Any CPU.ActiveCfg = Debug|Any CPU
		{FDC67EF8-5426-477B-B8BB-5E958CC101F8}.Debug|Any CPU.Build.0 = Debug|Any CPU
		{FDC67EF8-5426-477B-B8BB-5E958CC101F8}.Debug|x64.ActiveCfg = Debug|Any CPU
		{FDC67EF8-5426-477B-B8BB-5E958CC101F8}.Debug|x64.Build.0 = Debug|Any CPU
		{FDC67EF8-5426-477B-B8BB-5E958CC101F8}.Debug|x86.ActiveCfg = Debug|Any CPU
		{FDC67EF8-5426-477B-B8BB-5E958CC101F8}.Debug|x86.Build.0 = Debug|Any CPU
		{FDC67EF8-5426-477B-B8BB-5E958CC101F8}.Release|Any CPU.ActiveCfg = Release|Any CPU
		{FDC67EF8-5426-477B-B8BB-5E958CC101F8}.Release|Any CPU.Build.0 = Release|Any CPU
		{FDC67EF8-5426-477B-B8BB-5E958CC101F8}.Release|x64.ActiveCfg = Release|Any CPU
		{FDC67EF8-5426-477B-B8BB-5E958CC101F8}.Release|x64.Build.0 = Release|Any CPU
		{FDC67EF8-5426-477B-B8BB-5E958CC101F8}.Release|x86.ActiveCfg = Release|Any CPU
		{FDC67EF8-5426-477B-B8BB-5E958CC101F8}.Release|x86.Build.0 = Release|Any CPU
	EndGlobalSection
	GlobalSection(SolutionProperties) = preSolution
		HideSolutionNode = FALSE
	EndGlobalSection
EndGlobal
